
Microsoft Visual Studio Solution File, Format Version 12.00
# Visual Studio Version 16
VisualStudioVersion = 16.0.31515.178
MinimumVisualStudioVersion = 10.0.40219.1
Project("{9A19103F-16F7-4668-BE54-9A1E7A4F7556}") = "May-Project-YoungjaeLee", "May-Project-YoungjaeLee\May-Project-YoungjaeLee.csproj", "{4B73B624-B9F4-4674-B140-308573FA7A93}"
EndProject
Project("{FAE04EC0-301F-11D3-BF4B-00C04F79EFBC}") = "ClassLibrary1", "ClassLibrary1\ClassLibrary1.csproj", "{47CC5DD9-3FF5-4591-AEB1-3F5C209FAD3F}"
EndProject
Global
	GlobalSection(SolutionConfigurationPlatforms) = preSolution
		Debug|Any CPU = Debug|Any CPU
		Release|Any CPU = Release|Any CPU
	EndGlobalSection
	GlobalSection(ProjectConfigurationPlatforms) = postSolution
		{4B73B624-B9F4-4674-B140-308573FA7A93}.Debug|Any CPU.ActiveCfg = Debug|Any CPU
		{4B73B624-B9F4-4674-B140-308573FA7A93}.Debug|Any CPU.Build.0 = Debug|Any CPU
		{4B73B624-B9F4-4674-B140-308573FA7A93}.Release|Any CPU.ActiveCfg = Release|Any CPU
		{4B73B624-B9F4-4674-B140-308573FA7A93}.Release|Any CPU.Build.0 = Release|Any CPU
		{47CC5DD9-3FF5-4591-AEB1-3F5C209FAD3F}.Debug|Any CPU.ActiveCfg = Debug|Any CPU
		{47CC5DD9-3FF5-4591-AEB1-3F5C209FAD3F}.Debug|Any CPU.Build.0 = Debug|Any CPU
		{47CC5DD9-3FF5-4591-AEB1-3F5C209FAD3F}.Release|Any CPU.ActiveCfg = Release|Any CPU
		{47CC5DD9-3FF5-4591-AEB1-3F5C209FAD3F}.Release|Any CPU.Build.0 = Release|Any CPU
	EndGlobalSection
	GlobalSection(SolutionProperties) = preSolution
		HideSolutionNode = FALSE
	EndGlobalSection
	GlobalSection(ExtensibilityGlobals) = postSolution
		SolutionGuid = {CE801CD2-CF38-4DCA-B636-719920AF34A6}
	EndGlobalSection
EndGlobal
